github.com/davecgh/go-spew v1.1.1 h1:vj9j/u1bqnvCEfJOwUhtlOARqs3+rkHYY13jYWTU97c=
github.com/davecgh/go-spew v1.1.1/go.mod h1:J7Y8YcW2NihsgmVo/mv3lAwl/skON4iLHjSsI+c5H38=
github.com/ogdl/flow v0.0.0-20211110174459-daa15ceb541a h1:dyFHSt9VQfYKLMizaKHk0KuIBK6xs3YStxrx2G8klf0=
github.com/ogdl/flow v0.0.0-20211110174459-daa15ceb541a/go.mod h1:75zAbin1hBDb9uuQydHvWsVIqYStRAb6GLmJlzScVt0=
h12.io/dfa v0.0.0-20211110161934-c5e4b87dfd55 h1:RjKtlQa7RwsEh5AYflxk3RbI8N8BpqQiQRK/2Wm35mo=
h12.io/dfa v0.0.0-20211110161934-c5e4b87dfd55/go.mod h1:70oaHKaSj5zhzGRrlFbfFDovqop2+cbGlX2ccuXvupU=
h12.io/gombi v0.0.0-20180505161737-1db564f24381/go.mod h1:WEPImgkt5gg3sxcZ3ndRkEPR9dZAz2H4jBH8mRfblGc=
h12.io/gspec v0.0.0-20180505161830-37536b8428fa h1:pc0I67ekFZNLy3p7w7GMUAXHm9v01nZdBkXSOCfvMqs=
h12.io/gspec v0.0.0-20180505161830-37536b8428fa/go.mod h1:9cFJky/zJGy0IRJpbEonyevN8gs8Ja1tLFIMRjFdArY=
